
Microsoft Visual Studio Solution File, Format Version 12.00
# Visual Studio Version 16
VisualStudioVersion = 16.0.30717.126
MinimumVisualStudioVersion = 10.0.40219.1
Project("{FAE04EC0-301F-11D3-BF4B-00C04F79EFBC}") = "MyAquarium.Android", "MyAquarium.Android\MyAquarium.Android.csproj", "{AE18EC3D-05EE-45E0-8E40-5373D4267577}"
EndProject
Project("{FAE04EC0-301F-11D3-BF4B-00C04F79EFBC}") = "MyAquarium.iOS", "MyAquarium.iOS\MyAquarium.iOS.csproj", "{59B3BB09-8489-4BAA-8D14-EFA0F5ED3365}"
EndProject
Project("{FAE04EC0-301F-11D3-BF4B-00C04F79EFBC}") = "MyAquarium", "MyAquarium\MyAquarium.csproj", "{03C637F7-E828-455D-AD95-9068FDBE90A6}"
EndProject
Global
	GlobalSection(SolutionConfigurationPlatforms) = preSolution
		Debug|Any CPU = Debug|Any CPU
		Debug|iPhone = Debug|iPhone
		Debug|iPhoneSimulator = Debug|iPhoneSimulator
		Release|Any CPU = Release|Any CPU
		Release|iPhone = Release|iPhone
		Release|iPhoneSimulator = Release|iPhoneSimulator
	EndGlobalSection
	GlobalSection(ProjectConfigurationPlatforms) = postSolution
		{AE18EC3D-05EE-45E0-8E40-5373D4267577}.Debug|Any CPU.ActiveCfg = Debug|Any CPU
		{AE18EC3D-05EE-45E0-8E40-5373D4267577}.Debug|Any CPU.Build.0 = Debug|Any CPU
		{AE18EC3D-05EE-45E0-8E40-5373D4267577}.Debug|Any CPU.Deploy.0 = Debug|Any CPU
		{AE18EC3D-05EE-45E0-8E40-5373D4267577}.Debug|iPhone.ActiveCfg = Debug|Any CPU
		{AE18EC3D-05EE-45E0-8E40-5373D4267577}.Debug|iPhone.Build.0 = Debug|Any CPU
		{AE18EC3D-05EE-45E0-8E40-5373D4267577}.Debug|iPhone.Deploy.0 = Debug|Any CPU
		{AE18EC3D-05EE-45E0-8E40-5373D4267577}.Debug|iPhoneSimulator.ActiveCfg = Debug|Any CPU
		{AE18EC3D-05EE-45E0-8E40-5373D4267577}.Debug|iPhoneSimulator.Build.0 = Debug|Any CPU
		{AE18EC3D-05EE-45E0-8E40-5373D4267577}.Debug|iPhoneSimulator.Deploy.0 = Debug|Any CPU
		{AE18EC3D-05EE-45E0-8E40-5373D4267577}.Release|Any CPU.ActiveCfg = Release|Any CPU
		{AE18EC3D-05EE-45E0-8E40-5373D4267577}.Release|Any CPU.Build.0 = Release|Any CPU
		{AE18EC3D-05EE-45E0-8E40-5373D4267577}.Release|Any CPU.Deploy.0 = Release|Any CPU
		{AE18EC3D-05EE-45E0-8E40-5373D4267577}.Release|iPhone.ActiveCfg = Release|Any CPU
		{AE18EC3D-05EE-45E0-8E40-5373D4267577}.Release|iPhone.Build.0 = Release|Any CPU
		{AE18EC3D-05EE-45E0-8E40-5373D4267577}.Release|iPhone.Deploy.0 = Release|Any CPU
		{AE18EC3D-05EE-45E0-8E40-5373D4267577}.Release|iPhoneSimulator.ActiveCfg = Release|Any CPU
		{AE18EC3D-05EE-45E0-8E40-5373D4267577}.Release|iPhoneSimulator.Build.0 = Release|Any CPU
		{AE18EC3D-05EE-45E0-8E40-5373D4267577}.Release|iPhoneSimulator.Deploy.0 = Release|Any CPU
		{59B3BB09-8489-4BAA-8D14-EFA0F5ED3365}.Debug|Any CPU.ActiveCfg = Debug|iPhone
		{59B3BB09-8489-4BAA-8D14-EFA0F5ED3365}.Debug|Any CPU.Build.0 = Debug|iPhone
		{59B3BB09-8489-4BAA-8D14-EFA0F5ED3365}.Debug|Any CPU.Deploy.0 = Debug|iPhone
		{59B3BB09-8489-4BAA-8D14-EFA0F5ED3365}.Debug|iPhone.ActiveCfg = Debug|iPhone
		{59B3BB09-8489-4BAA-8D14-EFA0F5ED3365}.Debug|iPhone.Build.0 = Debug|iPhone
		{59B3BB09-8489-4BAA-8D14-EFA0F5ED3365}.Debug|iPhone.Deploy.0 = Debug|iPhone
		{59B3BB09-8489-4BAA-8D14-EFA0F5ED3365}.Debug|iPhoneSimulator.ActiveCfg = Debug|iPhoneSimulator
		{59B3BB09-8489-4BAA-8D14-EFA0F5ED3365}.Debug|iPhoneSimulator.Build.0 = Debug|iPhoneSimulator
		{59B3BB09-8489-4BAA-8D14-EFA0F5ED3365}.Debug|iPhoneSimulator.Deploy.0 = Debug|iPhoneSimulator
		{59B3BB09-8489-4BAA-8D14-EFA0F5ED3365}.Release|Any CPU.ActiveCfg = Release|iPhoneSimulator
		{59B3BB09-8489-4BAA-8D14-EFA0F5ED3365}.Release|Any CPU.Build.0 = Release|iPhoneSimulator
		{59B3BB09-8489-4BAA-8D14-EFA0F5ED3365}.Release|Any CPU.Deploy.0 = Release|iPhoneSimulator
		{59B3BB09-8489-4BAA-8D14-EFA0F5ED3365}.Release|iPhone.ActiveCfg = Release|iPhone
		{59B3BB09-8489-4BAA-8D14-EFA0F5ED3365}.Release|iPhone.Build.0 = Release|iPhone
		{59B3BB09-8489-4BAA-8D14-EFA0F5ED3365}.Release|iPhone.Deploy.0 = Release|iPhone
		{59B3BB09-8489-4BAA-8D14-EFA0F5ED3365}.Release|iPhoneSimulator.ActiveCfg = Release|iPhoneSimulator
		{59B3BB09-8489-4BAA-8D14-EFA0F5ED3365}.Release|iPhoneSimulator.Build.0 = Release|iPhoneSimulator
		{59B3BB09-8489-4BAA-8D14-EFA0F5ED3365}.Release|iPhoneSimulator.Deploy.0 = Release|iPhoneSimulator
		{03C637F7-E828-455D-AD95-9068FDBE90A6}.Debug|Any CPU.ActiveCfg = Debug|Any CPU
		{03C637F7-E828-455D-AD95-9068FDBE90A6}.Debug|Any CPU.Build.0 = Debug|Any CPU
		{03C637F7-E828-455D-AD95-9068FDBE90A6}.Debug|Any CPU.Deploy.0 = Debug|Any CPU
		{03C637F7-E828-455D-AD95-9068FDBE90A6}.Debug|iPhone.ActiveCfg = Debug|Any CPU
		{03C637F7-E828-455D-AD95-9068FDBE90A6}.Debug|iPhone.Build.0 = Debug|Any CPU
		{03C637F7-E828-455D-AD95-9068FDBE90A6}.Debug|iPhone.Deploy.0 = Debug|Any CPU
		{03C637F7-E828-455D-AD95-9068FDBE90A6}.Debug|iPhoneSimulator.ActiveCfg = Debug|Any CPU
		{03C637F7-E828-455D-AD95-9068FDBE90A6}.Debug|iPhoneSimulator.Build.0 = Debug|Any CPU
		{03C637F7-E828-455D-AD95-9068FDBE90A6}.Debug|iPhoneSimulator.Deploy.0 = Debug|Any CPU
		{03C637F7-E828-455D-AD95-9068FDBE90A6}.Release|Any CPU.ActiveCfg = Release|Any CPU
		{03C637F7-E828-455D-AD95-9068FDBE90A6}.Release|Any CPU.Build.0 = Release|Any CPU
		{03C637F7-E828-455D-AD95-9068FDBE90A6}.Release|Any CPU.Deploy.0 = Release|Any CPU
		{03C637F7-E828-455D-AD95-9068FDBE90A6}.Release|iPhone.ActiveCfg = Release|Any CPU
		{03C637F7-E828-455D-AD95-9068FDBE90A6}.Release|iPhone.Build.0 = Release|Any CPU
		{03C637F7-E828-455D-AD95-9068FDBE90A6}.Release|iPhone.Deploy.0 = Release|Any CPU
		{03C637F7-E828-455D-AD95-9068FDBE90A6}.Release|iPhoneSimulator.ActiveCfg = Release|Any CPU
		{03C637F7-E828-455D-AD95-9068FDBE90A6}.Release|iPhoneSimulator.Build.0 = Release|Any CPU
		{03C637F7-E828-455D-AD95-9068FDBE90A6}.Release|iPhoneSimulator.Deploy.0 = Release|Any CPU
	EndGlobalSection
	GlobalSection(SolutionProperties) = preSolution
		HideSolutionNode = FALSE
	EndGlobalSection
	GlobalSection(ExtensibilityGlobals) = postSolution
		SolutionGuid = {FF46C960-11C5-4F51-A634-77AAB41E39BC}
	EndGlobalSection
EndGlobal
